
Microsoft Visual Studio Solution File, Format Version 12.00
# Visual Studio Version 16
VisualStudioVersion = 16.0.32602.291
MinimumVisualStudioVersion = 10.0.40219.1
Project("{FAE04EC0-301F-11D3-BF4B-00C04F79EFBC}") = "BaiTap_BanhThanhTuan_Lab", "BaiTap_BanhThanhTuan_Lab\BaiTap_BanhThanhTuan_Lab.csproj", "{B5EF5FBB-56CA-40DF-9EA8-B87D6CEB43A4}"
EndProject
Global
	GlobalSection(SolutionConfigurationPlatforms) = preSolution
		Debug|Any CPU = Debug|Any CPU
		Release|Any CPU = Release|Any CPU
	EndGlobalSection
	GlobalSection(ProjectConfigurationPlatforms) = postSolution
		{B5EF5FBB-56CA-40DF-9EA8-B87D6CEB43A4}.Debug|Any CPU.ActiveCfg = Debug|Any CPU
		{B5EF5FBB-56CA-40DF-9EA8-B87D6CEB43A4}.Debug|Any CPU.Build.0 = Debug|Any CPU
		{B5EF5FBB-56CA-40DF-9EA8-B87D6CEB43A4}.Release|Any CPU.ActiveCfg = Release|Any CPU
		{B5EF5FBB-56CA-40DF-9EA8-B87D6CEB43A4}.Release|Any CPU.Build.0 = Release|Any CPU
	EndGlobalSection
	GlobalSection(SolutionProperties) = preSolution
		HideSolutionNode = FALSE
	EndGlobalSection
	GlobalSection(ExtensibilityGlobals) = postSolution
		SolutionGuid = {6F0A2B3C-157E-4AB8-8CCE-F2A9775C6283}
	EndGlobalSection
EndGlobal
